{
    "name": "js",
    "version": "1.0.0",
    "lockfileVersion": 3,
    "requires": true,
    "packages": {
        "": {
            "name": "js",
            "version": "1.0.0",
            "license": "ISC",
            "dependencies": {
                "ffi-rs": "^1.0.50"
            }
        },
        "node_modules/@yuuang/ffi-rs-darwin-arm64": {
            "version": "1.0.50",
            "resolved": "https://registry.npmjs.org/@yuuang/ffi-rs-darwin-arm64/-/ffi-rs-darwin-arm64-1.0.50.tgz",
            "integrity": "sha512-EHlwD3gpMfIXhyGfQkC0jlMRDxLgIyRNOsGeJW6cFR9nn55P+7eMsdOPu8UY1AMMfPT/SIxKH04EgLMdDVUoiw==",
            "cpu": [
                "arm64"
            ],
            "optional": true,
            "os": [
                "darwin"
            ],
            "engines": {
                "node": ">= 12"
            }
        },
        "node_modules/@yuuang/ffi-rs-darwin-x64": {
            "version": "1.0.50",
            "resolved": "https://registry.npmjs.org/@yuuang/ffi-rs-darwin-x64/-/ffi-rs-darwin-x64-1.0.50.tgz",
            "integrity": "sha512-Z66XomK630jUXuUsXXLaHPjWiJV2ox2koa+hubVXoJGeyrG56qDgVDH0C8p/TTTnW8SoXP6W2YV5GCw8/VXtDg==",
            "cpu": [
                "x64"
            ],
            "optional": true,
            "os": [
                "darwin"
            ],
            "engines": {
                "node": ">= 12"
            }
        },
        "node_modules/@yuuang/ffi-rs-linux-arm64-gnu": {
            "version": "1.0.50",
            "resolved": "https://registry.npmjs.org/@yuuang/ffi-rs-linux-arm64-gnu/-/ffi-rs-linux-arm64-gnu-1.0.50.tgz",
            "integrity": "sha512-UnYawVky91/laQoh1hiOHXHE74fiyFy8dVik/RXGsKFWNOqbjZznfkRN/aIATpCufNqWPOOvhX3X8c/aI3P0Kw==",
            "cpu": [
                "arm64"
            ],
            "optional": true,
            "os": [
                "linux"
            ],
            "engines": {
                "node": ">= 12"
            }
        },
        "node_modules/@yuuang/ffi-rs-linux-arm64-musl": {
            "version": "1.0.50",
            "resolved": "https://registry.npmjs.org/@yuuang/ffi-rs-linux-arm64-musl/-/ffi-rs-linux-arm64-musl-1.0.50.tgz",
            "integrity": "sha512-S3LFBiwIt66SptvcLmK1G9w/9OuhubUyf3wKxiFX8qekSpWxfpioN3t3wxjfYHbiQ6C0hN4cTW3y2McbmzTAmw==",
            "cpu": [
                "arm64"
            ],
            "optional": true,
            "os": [
                "linux"
            ],
            "engines": {
                "node": ">= 12"
            }
        },
        "node_modules/@yuuang/ffi-rs-linux-x64-gnu": {
            "version": "1.0.50",
            "resolved": "https://registry.npmjs.org/@yuuang/ffi-rs-linux-x64-gnu/-/ffi-rs-linux-x64-gnu-1.0.50.tgz",
            "integrity": "sha512-lTjcY1dBgPVvE1y1yG+lEUzfVaiKeORxQeI99a4NdR1Z4c90/xNcPwDjfrmBwO6vONNeipOt7qxLUrib20Me7w==",
            "cpu": [
                "x64"
            ],
            "optional": true,
            "os": [
                "linux"
            ],
            "engines": {
                "node": ">= 12"
            }
        },
        "node_modules/@yuuang/ffi-rs-win32-ia32-msvc": {
            "version": "1.0.50",
            "resolved": "https://registry.npmjs.org/@yuuang/ffi-rs-win32-ia32-msvc/-/ffi-rs-win32-ia32-msvc-1.0.50.tgz",
            "integrity": "sha512-ImHP3JOmmuWrRJ57aHthyyQRA/FklmfkIr50trm0AwZ+aBaSEZMYM6Apq/DIjAfJ5hXwrHveA8BHjfRiYEpA5A==",
            "cpu": [
                "x64",
                "ia32"
            ],
            "optional": true,
            "os": [
                "win32"
            ],
            "engines": {
                "node": ">= 12"
            }
        },
        "node_modules/@yuuang/ffi-rs-win32-x64-msvc": {
            "version": "1.0.50",
            "resolved": "https://registry.npmjs.org/@yuuang/ffi-rs-win32-x64-msvc/-/ffi-rs-win32-x64-msvc-1.0.50.tgz",
            "integrity": "sha512-IOtmE3m2hrdEzSobXVRtFIyojFe6LTTOIum0rEOMRqP19Ji2ME/ev/o3JYJ5a51ReAVoGQ/JMdZpKOEFGZICSQ==",
            "cpu": [
                "x64"
            ],
            "optional": true,
            "os": [
                "win32"
            ],
            "engines": {
                "node": ">= 12"
            }
        },
        "node_modules/ffi-rs": {
            "version": "1.0.50",
            "resolved": "https://registry.npmjs.org/ffi-rs/-/ffi-rs-1.0.50.tgz",
            "integrity": "sha512-rs5exhSpcJQKgFKQ/rlNxYwSlh3DAAOTUlDQ+sisuvR6FDv8OWHAw6qjmveYlxJqQ5gYdlFE+Py7vOrjexMpJg==",
            "engines": {
                "node": ">= 16"
            },
            "optionalDependencies": {
                "@yuuang/ffi-rs-darwin-arm64": "^1.0.0",
                "@yuuang/ffi-rs-darwin-x64": "^1.0.0",
                "@yuuang/ffi-rs-linux-arm64-gnu": "^1.0.0",
                "@yuuang/ffi-rs-linux-arm64-musl": "^1.0.0",
                "@yuuang/ffi-rs-linux-x64-gnu": "^1.0.0",
                "@yuuang/ffi-rs-win32-ia32-msvc": "^1.0.0",
                "@yuuang/ffi-rs-win32-x64-msvc": "^1.0.0"
            }
        }
    }
}
